
Microsoft Visual Studio Solution File, Format Version 11.00
# Visual Studio 2010
Project("{8BC9CEB8-8B4A-11D0-8D11-00A0C91BC942}") = "LevelTraverseOfBT", "LevelTraverseOfBT\LevelTraverseOfBT.vcxproj", "{670F60E4-85C4-4A2A-89C2-0FBD367A0F6B}"
EndProject
Global
	GlobalSection(SolutionConfigurationPlatforms) = preSolution
		Debug|Win32 = Debug|Win32
		Release|Win32 = Release|Win32
	EndGlobalSection
	GlobalSection(ProjectConfigurationPlatforms) = postSolution
		{670F60E4-85C4-4A2A-89C2-0FBD367A0F6B}.Debug|Win32.ActiveCfg = Debug|Win32
		{670F60E4-85C4-4A2A-89C2-0FBD367A0F6B}.Debug|Win32.Build.0 = Debug|Win32
		{670F60E4-85C4-4A2A-89C2-0FBD367A0F6B}.Release|Win32.ActiveCfg = Release|Win32
		{670F60E4-85C4-4A2A-89C2-0FBD367A0F6B}.Release|Win32.Build.0 = Release|Win32
	EndGlobalSection
	GlobalSection(SolutionProperties) = preSolution
		HideSolutionNode = FALSE
	EndGlobalSection
EndGlobal
