
Microsoft Visual Studio Solution File, Format Version 11.00
# Visual Studio 2010
Project("{8BC9CEB8-8B4A-11D0-8D11-00A0C91BC942}") = "MovingWay", "MovingWay.vcxproj", "{C69B373E-A8DC-3F28-AB37-C33130AB61B9}"
EndProject
Global
	GlobalSection(SolutionConfigurationPlatforms) = preSolution
		Debug|Win32 = Debug|Win32
		Release|Win32 = Release|Win32
	EndGlobalSection
	GlobalSection(ProjectConfigurationPlatforms) = postSolution
		{C69B373E-A8DC-3F28-AB37-C33130AB61B9}.Debug|Win32.ActiveCfg = Debug|Win32
		{C69B373E-A8DC-3F28-AB37-C33130AB61B9}.Debug|Win32.Build.0 = Debug|Win32
		{C69B373E-A8DC-3F28-AB37-C33130AB61B9}.Release|Win32.ActiveCfg = Release|Win32
		{C69B373E-A8DC-3F28-AB37-C33130AB61B9}.Release|Win32.Build.0 = Release|Win32
	EndGlobalSection
	GlobalSection(SolutionProperties) = preSolution
		HideSolutionNode = FALSE
	EndGlobalSection
EndGlobal
